<?xml version="1.0" encoding="utf-8"?>
<Project ToolsVersion="12.0" xmlns="http://schemas.microsoft.com/developer/msbuild/2003">
  <ItemGroup>
    <CustomBuild Include="E:\c++\面向对象\Array\CMakeFiles\28e78fd36e8bb92d5307b64d45c9ef42\generate.stamp.rule">
      <Filter>CMake Rules</Filter>
    </CustomBuild>
  </ItemGroup>
  <ItemGroup>
    <Filter Include="CMake Rules">
      <UniqueIdentifier>{C3BA1D88-70CF-37CF-B5D1-676208BC8194}</UniqueIdentifier>
    </Filter>
  </ItemGroup>
</Project>
